
Microsoft Visual Studio Solution File, Format Version 12.00
# Visual Studio 15
VisualStudioVersion = 15.0.28010.2026
MinimumVisualStudioVersion = 10.0.40219.1
Project("{FAE04EC0-301F-11D3-BF4B-00C04F79EFBC}") = "DotnetChat", "DotnetChat\DotnetChat.csproj", "{601FBD3C-9B62-4405-9E3B-EF61A0D9D34D}"
EndProject
Global
	GlobalSection(SolutionConfigurationPlatforms) = preSolution
		Debug|Any CPU = Debug|Any CPU
		Release|Any CPU = Release|Any CPU
	EndGlobalSection
	GlobalSection(ProjectConfigurationPlatforms) = postSolution
		{601FBD3C-9B62-4405-9E3B-EF61A0D9D34D}.Debug|Any CPU.ActiveCfg = Debug|Any CPU
		{601FBD3C-9B62-4405-9E3B-EF61A0D9D34D}.Debug|Any CPU.Build.0 = Debug|Any CPU
		{601FBD3C-9B62-4405-9E3B-EF61A0D9D34D}.Release|Any CPU.ActiveCfg = Release|Any CPU
		{601FBD3C-9B62-4405-9E3B-EF61A0D9D34D}.Release|Any CPU.Build.0 = Release|Any CPU
	EndGlobalSection
	GlobalSection(SolutionProperties) = preSolution
		HideSolutionNode = FALSE
	EndGlobalSection
	GlobalSection(ExtensibilityGlobals) = postSolution
		SolutionGuid = {AAC994BC-BA81-40C9-8BC7-826325A62148}
	EndGlobalSection
EndGlobal
